
Microsoft Visual Studio Solution File, Format Version 12.00
# Visual Studio Version 16
VisualStudioVersion = 16.0.32228.343
MinimumVisualStudioVersion = 10.0.40219.1
Project("{888888A0-9F3D-457C-B088-3A5042F75D52}") = "Milestones", "Milestones.pyproj", "{84C721B6-3E5C-4C91-9A61-E84F2319B862}"
EndProject
Global
	GlobalSection(SolutionConfigurationPlatforms) = preSolution
		Debug|Any CPU = Debug|Any CPU
		Release|Any CPU = Release|Any CPU
	EndGlobalSection
	GlobalSection(ProjectConfigurationPlatforms) = postSolution
		{84C721B6-3E5C-4C91-9A61-E84F2319B862}.Debug|Any CPU.ActiveCfg = Debug|Any CPU
		{84C721B6-3E5C-4C91-9A61-E84F2319B862}.Release|Any CPU.ActiveCfg = Release|Any CPU
	EndGlobalSection
	GlobalSection(SolutionProperties) = preSolution
		HideSolutionNode = FALSE
	EndGlobalSection
	GlobalSection(ExtensibilityGlobals) = postSolution
		SolutionGuid = {C074F606-9C77-497D-B673-70D4934EDD52}
	EndGlobalSection
EndGlobal
